
Microsoft Visual Studio Solution File, Format Version 12.00
# Visual Studio 15
VisualStudioVersion = 15.0.28307.136
MinimumVisualStudioVersion = 10.0.40219.1
Project("{FAE04EC0-301F-11D3-BF4B-00C04F79EFBC}") = "Fiap.LoginCSS.Android", "Fiap.LoginCSS\Fiap.LoginCSS.Android\Fiap.LoginCSS.Android.csproj", "{77965542-CE9C-41ED-B97D-E1F2E85280C0}"
EndProject
Project("{FAE04EC0-301F-11D3-BF4B-00C04F79EFBC}") = "Fiap.LoginCSS.iOS", "Fiap.LoginCSS\Fiap.LoginCSS.iOS\Fiap.LoginCSS.iOS.csproj", "{C5A248B2-0642-4C42-8F42-06CACED8E1DD}"
EndProject
Project("{FAE04EC0-301F-11D3-BF4B-00C04F79EFBC}") = "Fiap.LoginCSS", "Fiap.LoginCSS\Fiap.LoginCSS\Fiap.LoginCSS.csproj", "{D559858C-5C4F-461B-AF65-A66CD5129F73}"
EndProject
Global
	GlobalSection(SolutionConfigurationPlatforms) = preSolution
		Ad-Hoc|Any CPU = Ad-Hoc|Any CPU
		Ad-Hoc|iPhone = Ad-Hoc|iPhone
		Ad-Hoc|iPhoneSimulator = Ad-Hoc|iPhoneSimulator
		AppStore|Any CPU = AppStore|Any CPU
		AppStore|iPhone = AppStore|iPhone
		AppStore|iPhoneSimulator = AppStore|iPhoneSimulator
		Debug|Any CPU = Debug|Any CPU
		Debug|iPhone = Debug|iPhone
		Debug|iPhoneSimulator = Debug|iPhoneSimulator
		Release|Any CPU = Release|Any CPU
		Release|iPhone = Release|iPhone
		Release|iPhoneSimulator = Release|iPhoneSimulator
	EndGlobalSection
	GlobalSection(ProjectConfigurationPlatforms) = postSolution
		{77965542-CE9C-41ED-B97D-E1F2E85280C0}.Ad-Hoc|Any CPU.ActiveCfg = Release|Any CPU
		{77965542-CE9C-41ED-B97D-E1F2E85280C0}.Ad-Hoc|Any CPU.Build.0 = Release|Any CPU
		{77965542-CE9C-41ED-B97D-E1F2E85280C0}.Ad-Hoc|Any CPU.Deploy.0 = Release|Any CPU
		{77965542-CE9C-41ED-B97D-E1F2E85280C0}.Ad-Hoc|iPhone.ActiveCfg = Release|Any CPU
		{77965542-CE9C-41ED-B97D-E1F2E85280C0}.Ad-Hoc|iPhone.Build.0 = Release|Any CPU
		{77965542-CE9C-41ED-B97D-E1F2E85280C0}.Ad-Hoc|iPhone.Deploy.0 = Release|Any CPU
		{77965542-CE9C-41ED-B97D-E1F2E85280C0}.Ad-Hoc|iPhoneSimulator.ActiveCfg = Release|Any CPU
		{77965542-CE9C-41ED-B97D-E1F2E85280C0}.Ad-Hoc|iPhoneSimulator.Build.0 = Release|Any CPU
		{77965542-CE9C-41ED-B97D-E1F2E85280C0}.Ad-Hoc|iPhoneSimulator.Deploy.0 = Release|Any CPU
		{77965542-CE9C-41ED-B97D-E1F2E85280C0}.AppStore|Any CPU.ActiveCfg = Release|Any CPU
		{77965542-CE9C-41ED-B97D-E1F2E85280C0}.AppStore|Any CPU.Build.0 = Release|Any CPU
		{77965542-CE9C-41ED-B97D-E1F2E85280C0}.AppStore|Any CPU.Deploy.0 = Release|Any CPU
		{77965542-CE9C-41ED-B97D-E1F2E85280C0}.AppStore|iPhone.ActiveCfg = Release|Any CPU
		{77965542-CE9C-41ED-B97D-E1F2E85280C0}.AppStore|iPhone.Build.0 = Release|Any CPU
		{77965542-CE9C-41ED-B97D-E1F2E85280C0}.AppStore|iPhone.Deploy.0 = Release|Any CPU
		{77965542-CE9C-41ED-B97D-E1F2E85280C0}.AppStore|iPhoneSimulator.ActiveCfg = Release|Any CPU
		{77965542-CE9C-41ED-B97D-E1F2E85280C0}.AppStore|iPhoneSimulator.Build.0 = Release|Any CPU
		{77965542-CE9C-41ED-B97D-E1F2E85280C0}.AppStore|iPhoneSimulator.Deploy.0 = Release|Any CPU
		{77965542-CE9C-41ED-B97D-E1F2E85280C0}.Debug|Any CPU.ActiveCfg = Debug|Any CPU
		{77965542-CE9C-41ED-B97D-E1F2E85280C0}.Debug|Any CPU.Build.0 = Debug|Any CPU
		{77965542-CE9C-41ED-B97D-E1F2E85280C0}.Debug|Any CPU.Deploy.0 = Debug|Any CPU
		{77965542-CE9C-41ED-B97D-E1F2E85280C0}.Debug|iPhone.ActiveCfg = Debug|Any CPU
		{77965542-CE9C-41ED-B97D-E1F2E85280C0}.Debug|iPhone.Build.0 = Debug|Any CPU
		{77965542-CE9C-41ED-B97D-E1F2E85280C0}.Debug|iPhone.Deploy.0 = Debug|Any CPU
		{77965542-CE9C-41ED-B97D-E1F2E85280C0}.Debug|iPhoneSimulator.ActiveCfg = Debug|Any CPU
		{77965542-CE9C-41ED-B97D-E1F2E85280C0}.Debug|iPhoneSimulator.Build.0 = Debug|Any CPU
		{77965542-CE9C-41ED-B97D-E1F2E85280C0}.Debug|iPhoneSimulator.Deploy.0 = Debug|Any CPU
		{77965542-CE9C-41ED-B97D-E1F2E85280C0}.Release|Any CPU.ActiveCfg = Release|Any CPU
		{77965542-CE9C-41ED-B97D-E1F2E85280C0}.Release|Any CPU.Build.0 = Release|Any CPU
		{77965542-CE9C-41ED-B97D-E1F2E85280C0}.Release|Any CPU.Deploy.0 = Release|Any CPU
		{77965542-CE9C-41ED-B97D-E1F2E85280C0}.Release|iPhone.ActiveCfg = Release|Any CPU
		{77965542-CE9C-41ED-B97D-E1F2E85280C0}.Release|iPhone.Build.0 = Release|Any CPU
		{77965542-CE9C-41ED-B97D-E1F2E85280C0}.Release|iPhone.Deploy.0 = Release|Any CPU
		{77965542-CE9C-41ED-B97D-E1F2E85280C0}.Release|iPhoneSimulator.ActiveCfg = Release|Any CPU
		{77965542-CE9C-41ED-B97D-E1F2E85280C0}.Release|iPhoneSimulator.Build.0 = Release|Any CPU
		{77965542-CE9C-41ED-B97D-E1F2E85280C0}.Release|iPhoneSimulator.Deploy.0 = Release|Any CPU
		{C5A248B2-0642-4C42-8F42-06CACED8E1DD}.Ad-Hoc|Any CPU.ActiveCfg = Ad-Hoc|iPhone
		{C5A248B2-0642-4C42-8F42-06CACED8E1DD}.Ad-Hoc|Any CPU.Build.0 = Ad-Hoc|iPhone
		{C5A248B2-0642-4C42-8F42-06CACED8E1DD}.Ad-Hoc|Any CPU.Deploy.0 = Ad-Hoc|iPhone
		{C5A248B2-0642-4C42-8F42-06CACED8E1DD}.Ad-Hoc|iPhone.ActiveCfg = Ad-Hoc|iPhone
		{C5A248B2-0642-4C42-8F42-06CACED8E1DD}.Ad-Hoc|iPhone.Build.0 = Ad-Hoc|iPhone
		{C5A248B2-0642-4C42-8F42-06CACED8E1DD}.Ad-Hoc|iPhone.Deploy.0 = Ad-Hoc|iPhone
		{C5A248B2-0642-4C42-8F42-06CACED8E1DD}.Ad-Hoc|iPhoneSimulator.ActiveCfg = Ad-Hoc|iPhoneSimulator
		{C5A248B2-0642-4C42-8F42-06CACED8E1DD}.Ad-Hoc|iPhoneSimulator.Build.0 = Ad-Hoc|iPhoneSimulator
		{C5A248B2-0642-4C42-8F42-06CACED8E1DD}.Ad-Hoc|iPhoneSimulator.Deploy.0 = Ad-Hoc|iPhoneSimulator
		{C5A248B2-0642-4C42-8F42-06CACED8E1DD}.AppStore|Any CPU.ActiveCfg = AppStore|iPhone
		{C5A248B2-0642-4C42-8F42-06CACED8E1DD}.AppStore|Any CPU.Build.0 = AppStore|iPhone
		{C5A248B2-0642-4C42-8F42-06CACED8E1DD}.AppStore|Any CPU.Deploy.0 = AppStore|iPhone
		{C5A248B2-0642-4C42-8F42-06CACED8E1DD}.AppStore|iPhone.ActiveCfg = AppStore|iPhone
		{C5A248B2-0642-4C42-8F42-06CACED8E1DD}.AppStore|iPhone.Build.0 = AppStore|iPhone
		{C5A248B2-0642-4C42-8F42-06CACED8E1DD}.AppStore|iPhone.Deploy.0 = AppStore|iPhone
		{C5A248B2-0642-4C42-8F42-06CACED8E1DD}.AppStore|iPhoneSimulator.ActiveCfg = AppStore|iPhoneSimulator
		{C5A248B2-0642-4C42-8F42-06CACED8E1DD}.AppStore|iPhoneSimulator.Build.0 = AppStore|iPhoneSimulator
		{C5A248B2-0642-4C42-8F42-06CACED8E1DD}.AppStore|iPhoneSimulator.Deploy.0 = AppStore|iPhoneSimulator
		{C5A248B2-0642-4C42-8F42-06CACED8E1DD}.Debug|Any CPU.ActiveCfg = Debug|iPhoneSimulator
		{C5A248B2-0642-4C42-8F42-06CACED8E1DD}.Debug|Any CPU.Build.0 = Debug|iPhoneSimulator
		{C5A248B2-0642-4C42-8F42-06CACED8E1DD}.Debug|Any CPU.Deploy.0 = Debug|iPhoneSimulator
		{C5A248B2-0642-4C42-8F42-06CACED8E1DD}.Debug|iPhone.ActiveCfg = Debug|iPhone
		{C5A248B2-0642-4C42-8F42-06CACED8E1DD}.Debug|iPhone.Build.0 = Debug|iPhone
		{C5A248B2-0642-4C42-8F42-06CACED8E1DD}.Debug|iPhone.Deploy.0 = Debug|iPhone
		{C5A248B2-0642-4C42-8F42-06CACED8E1DD}.Debug|iPhoneSimulator.ActiveCfg = Debug|iPhoneSimulator
		{C5A248B2-0642-4C42-8F42-06CACED8E1DD}.Debug|iPhoneSimulator.Build.0 = Debug|iPhoneSimulator
		{C5A248B2-0642-4C42-8F42-06CACED8E1DD}.Debug|iPhoneSimulator.Deploy.0 = Debug|iPhoneSimulator
		{C5A248B2-0642-4C42-8F42-06CACED8E1DD}.Release|Any CPU.ActiveCfg = Release|iPhone
		{C5A248B2-0642-4C42-8F42-06CACED8E1DD}.Release|Any CPU.Build.0 = Release|iPhone
		{C5A248B2-0642-4C42-8F42-06CACED8E1DD}.Release|Any CPU.Deploy.0 = Release|iPhone
		{C5A248B2-0642-4C42-8F42-06CACED8E1DD}.Release|iPhone.ActiveCfg = Release|iPhone
		{C5A248B2-0642-4C42-8F42-06CACED8E1DD}.Release|iPhone.Build.0 = Release|iPhone
		{C5A248B2-0642-4C42-8F42-06CACED8E1DD}.Release|iPhone.Deploy.0 = Release|iPhone
		{C5A248B2-0642-4C42-8F42-06CACED8E1DD}.Release|iPhoneSimulator.ActiveCfg = Release|iPhoneSimulator
		{C5A248B2-0642-4C42-8F42-06CACED8E1DD}.Release|iPhoneSimulator.Build.0 = Release|iPhoneSimulator
		{C5A248B2-0642-4C42-8F42-06CACED8E1DD}.Release|iPhoneSimulator.Deploy.0 = Release|iPhoneSimulator
		{D559858C-5C4F-461B-AF65-A66CD5129F73}.Ad-Hoc|Any CPU.ActiveCfg = Debug|Any CPU
		{D559858C-5C4F-461B-AF65-A66CD5129F73}.Ad-Hoc|Any CPU.Build.0 = Debug|Any CPU
		{D559858C-5C4F-461B-AF65-A66CD5129F73}.Ad-Hoc|Any CPU.Deploy.0 = Debug|Any CPU
		{D559858C-5C4F-461B-AF65-A66CD5129F73}.Ad-Hoc|iPhone.ActiveCfg = Debug|Any CPU
		{D559858C-5C4F-461B-AF65-A66CD5129F73}.Ad-Hoc|iPhone.Build.0 = Debug|Any CPU
		{D559858C-5C4F-461B-AF65-A66CD5129F73}.Ad-Hoc|iPhone.Deploy.0 = Debug|Any CPU
		{D559858C-5C4F-461B-AF65-A66CD5129F73}.Ad-Hoc|iPhoneSimulator.ActiveCfg = Debug|Any CPU
		{D559858C-5C4F-461B-AF65-A66CD5129F73}.Ad-Hoc|iPhoneSimulator.Build.0 = Debug|Any CPU
		{D559858C-5C4F-461B-AF65-A66CD5129F73}.Ad-Hoc|iPhoneSimulator.Deploy.0 = Debug|Any CPU
		{D559858C-5C4F-461B-AF65-A66CD5129F73}.AppStore|Any CPU.ActiveCfg = Debug|Any CPU
		{D559858C-5C4F-461B-AF65-A66CD5129F73}.AppStore|Any CPU.Build.0 = Debug|Any CPU
		{D559858C-5C4F-461B-AF65-A66CD5129F73}.AppStore|Any CPU.Deploy.0 = Debug|Any CPU
		{D559858C-5C4F-461B-AF65-A66CD5129F73}.AppStore|iPhone.ActiveCfg = Debug|Any CPU
		{D559858C-5C4F-461B-AF65-A66CD5129F73}.AppStore|iPhone.Build.0 = Debug|Any CPU
		{D559858C-5C4F-461B-AF65-A66CD5129F73}.AppStore|iPhone.Deploy.0 = Debug|Any CPU
		{D559858C-5C4F-461B-AF65-A66CD5129F73}.AppStore|iPhoneSimulator.ActiveCfg = Debug|Any CPU
		{D559858C-5C4F-461B-AF65-A66CD5129F73}.AppStore|iPhoneSimulator.Build.0 = Debug|Any CPU
		{D559858C-5C4F-461B-AF65-A66CD5129F73}.AppStore|iPhoneSimulator.Deploy.0 = Debug|Any CPU
		{D559858C-5C4F-461B-AF65-A66CD5129F73}.Debug|Any CPU.ActiveCfg = Debug|Any CPU
		{D559858C-5C4F-461B-AF65-A66CD5129F73}.Debug|Any CPU.Build.0 = Debug|Any CPU
		{D559858C-5C4F-461B-AF65-A66CD5129F73}.Debug|Any CPU.Deploy.0 = Debug|Any CPU
		{D559858C-5C4F-461B-AF65-A66CD5129F73}.Debug|iPhone.ActiveCfg = Debug|Any CPU
		{D559858C-5C4F-461B-AF65-A66CD5129F73}.Debug|iPhone.Build.0 = Debug|Any CPU
		{D559858C-5C4F-461B-AF65-A66CD5129F73}.Debug|iPhone.Deploy.0 = Debug|Any CPU
		{D559858C-5C4F-461B-AF65-A66CD5129F73}.Debug|iPhoneSimulator.ActiveCfg = Debug|Any CPU
		{D559858C-5C4F-461B-AF65-A66CD5129F73}.Debug|iPhoneSimulator.Build.0 = Debug|Any CPU
		{D559858C-5C4F-461B-AF65-A66CD5129F73}.Debug|iPhoneSimulator.Deploy.0 = Debug|Any CPU
		{D559858C-5C4F-461B-AF65-A66CD5129F73}.Release|Any CPU.ActiveCfg = Release|Any CPU
		{D559858C-5C4F-461B-AF65-A66CD5129F73}.Release|Any CPU.Build.0 = Release|Any CPU
		{D559858C-5C4F-461B-AF65-A66CD5129F73}.Release|Any CPU.Deploy.0 = Release|Any CPU
		{D559858C-5C4F-461B-AF65-A66CD5129F73}.Release|iPhone.ActiveCfg = Release|Any CPU
		{D559858C-5C4F-461B-AF65-A66CD5129F73}.Release|iPhone.Build.0 = Release|Any CPU
		{D559858C-5C4F-461B-AF65-A66CD5129F73}.Release|iPhone.Deploy.0 = Release|Any CPU
		{D559858C-5C4F-461B-AF65-A66CD5129F73}.Release|iPhoneSimulator.ActiveCfg = Release|Any CPU
		{D559858C-5C4F-461B-AF65-A66CD5129F73}.Release|iPhoneSimulator.Build.0 = Release|Any CPU
		{D559858C-5C4F-461B-AF65-A66CD5129F73}.Release|iPhoneSimulator.Deploy.0 = Release|Any CPU
	EndGlobalSection
	GlobalSection(SolutionProperties) = preSolution
		HideSolutionNode = FALSE
	EndGlobalSection
	GlobalSection(ExtensibilityGlobals) = postSolution
		SolutionGuid = {5ACD952F-EF8D-4B0A-A786-DE8A645EF87B}
	EndGlobalSection
EndGlobal
